
Microsoft Visual Studio Solution File, Format Version 12.00
# Visual Studio Version 17
VisualStudioVersion = 17.0.31903.59
MinimumVisualStudioVersion = 10.0.40219.1
Project("{FAE04EC0-301F-11D3-BF4B-00C04F79EFBC}") = "THtracker.Tests", "THtracker.Tests\THtracker.Tests.csproj", "{FC136F96-00DF-47AD-9665-2D719905EA14}"
EndProject
Project("{FAE04EC0-301F-11D3-BF4B-00C04F79EFBC}") = "THtracker.API", "THtracker.API\THtracker.API.csproj", "{B2012695-6408-436B-83FB-4682056DB52E}"
EndProject
Project("{FAE04EC0-301F-11D3-BF4B-00C04F79EFBC}") = "THtracker.Application", "THtracker.Application\THtracker.Application.csproj", "{0576409B-B63B-46C0-B18F-9A34B4EF831F}"
EndProject
Project("{FAE04EC0-301F-11D3-BF4B-00C04F79EFBC}") = "THtracker.Domain", "THtracker.Domain\THtracker.Domain.csproj", "{B8466744-AF8F-450A-98BD-C9DD71B4B9D1}"
EndProject
Project("{FAE04EC0-301F-11D3-BF4B-00C04F79EFBC}") = "THtracker.Infrastructure", "THtracker.Infrastructure\THtracker.Infrastructure.csproj", "{083EEE24-2FAA-44A7-B27C-4AECB0A5BC60}"
EndProject
Global
	GlobalSection(SolutionConfigurationPlatforms) = preSolution
		Debug|Any CPU = Debug|Any CPU
		Debug|x64 = Debug|x64
		Debug|x86 = Debug|x86
		Release|Any CPU = Release|Any CPU
		Release|x64 = Release|x64
		Release|x86 = Release|x86
	EndGlobalSection
	GlobalSection(ProjectConfigurationPlatforms) = postSolution
		{FC136F96-00DF-47AD-9665-2D719905EA14}.Debug|Any CPU.ActiveCfg = Debug|Any CPU
		{FC136F96-00DF-47AD-9665-2D719905EA14}.Debug|Any CPU.Build.0 = Debug|Any CPU
		{FC136F96-00DF-47AD-9665-2D719905EA14}.Debug|x64.ActiveCfg = Debug|Any CPU
		{FC136F96-00DF-47AD-9665-2D719905EA14}.Debug|x64.Build.0 = Debug|Any CPU
		{FC136F96-00DF-47AD-9665-2D719905EA14}.Debug|x86.ActiveCfg = Debug|Any CPU
		{FC136F96-00DF-47AD-9665-2D719905EA14}.Debug|x86.Build.0 = Debug|Any CPU
		{FC136F96-00DF-47AD-9665-2D719905EA14}.Release|Any CPU.ActiveCfg = Release|Any CPU
		{FC136F96-00DF-47AD-9665-2D719905EA14}.Release|Any CPU.Build.0 = Release|Any CPU
		{FC136F96-00DF-47AD-9665-2D719905EA14}.Release|x64.ActiveCfg = Release|Any CPU
		{FC136F96-00DF-47AD-9665-2D719905EA14}.Release|x64.Build.0 = Release|Any CPU
		{FC136F96-00DF-47AD-9665-2D719905EA14}.Release|x86.ActiveCfg = Release|Any CPU
		{FC136F96-00DF-47AD-9665-2D719905EA14}.Release|x86.Build.0 = Release|Any CPU
		{B2012695-6408-436B-83FB-4682056DB52E}.Debug|Any CPU.ActiveCfg = Debug|Any CPU
		{B2012695-6408-436B-83FB-4682056DB52E}.Debug|Any CPU.Build.0 = Debug|Any CPU
		{B2012695-6408-436B-83FB-4682056DB52E}.Debug|x64.ActiveCfg = Debug|Any CPU
		{B2012695-6408-436B-83FB-4682056DB52E}.Debug|x64.Build.0 = Debug|Any CPU
		{B2012695-6408-436B-83FB-4682056DB52E}.Debug|x86.ActiveCfg = Debug|Any CPU
		{B2012695-6408-436B-83FB-4682056DB52E}.Debug|x86.Build.0 = Debug|Any CPU
		{B2012695-6408-436B-83FB-4682056DB52E}.Release|Any CPU.ActiveCfg = Release|Any CPU
		{B2012695-6408-436B-83FB-4682056DB52E}.Release|Any CPU.Build.0 = Release|Any CPU
		{B2012695-6408-436B-83FB-4682056DB52E}.Release|x64.ActiveCfg = Release|Any CPU
		{B2012695-6408-436B-83FB-4682056DB52E}.Release|x64.Build.0 = Release|Any CPU
		{B2012695-6408-436B-83FB-4682056DB52E}.Release|x86.ActiveCfg = Release|Any CPU
		{B2012695-6408-436B-83FB-4682056DB52E}.Release|x86.Build.0 = Release|Any CPU
		{0576409B-B63B-46C0-B18F-9A34B4EF831F}.Debug|Any CPU.ActiveCfg = Debug|Any CPU
		{0576409B-B63B-46C0-B18F-9A34B4EF831F}.Debug|Any CPU.Build.0 = Debug|Any CPU
		{0576409B-B63B-46C0-B18F-9A34B4EF831F}.Debug|x64.ActiveCfg = Debug|Any CPU
		{0576409B-B63B-46C0-B18F-9A34B4EF831F}.Debug|x64.Build.0 = Debug|Any CPU
		{0576409B-B63B-46C0-B18F-9A34B4EF831F}.Debug|x86.ActiveCfg = Debug|Any CPU
		{0576409B-B63B-46C0-B18F-9A34B4EF831F}.Debug|x86.Build.0 = Debug|Any CPU
		{0576409B-B63B-46C0-B18F-9A34B4EF831F}.Release|Any CPU.ActiveCfg = Release|Any CPU
		{0576409B-B63B-46C0-B18F-9A34B4EF831F}.Release|Any CPU.Build.0 = Release|Any CPU
		{0576409B-B63B-46C0-B18F-9A34B4EF831F}.Release|x64.ActiveCfg = Release|Any CPU
		{0576409B-B63B-46C0-B18F-9A34B4EF831F}.Release|x64.Build.0 = Release|Any CPU
		{0576409B-B63B-46C0-B18F-9A34B4EF831F}.Release|x86.ActiveCfg = Release|Any CPU
		{0576409B-B63B-46C0-B18F-9A34B4EF831F}.Release|x86.Build.0 = Release|Any CPU
		{B8466744-AF8F-450A-98BD-C9DD71B4B9D1}.Debug|Any CPU.ActiveCfg = Debug|Any CPU
		{B8466744-AF8F-450A-98BD-C9DD71B4B9D1}.Debug|Any CPU.Build.0 = Debug|Any CPU
		{B8466744-AF8F-450A-98BD-C9DD71B4B9D1}.Debug|x64.ActiveCfg = Debug|Any CPU
		{B8466744-AF8F-450A-98BD-C9DD71B4B9D1}.Debug|x64.Build.0 = Debug|Any CPU
		{B8466744-AF8F-450A-98BD-C9DD71B4B9D1}.Debug|x86.ActiveCfg = Debug|Any CPU
		{B8466744-AF8F-450A-98BD-C9DD71B4B9D1}.Debug|x86.Build.0 = Debug|Any CPU
		{B8466744-AF8F-450A-98BD-C9DD71B4B9D1}.Release|Any CPU.ActiveCfg = Release|Any CPU
		{B8466744-AF8F-450A-98BD-C9DD71B4B9D1}.Release|Any CPU.Build.0 = Release|Any CPU
		{B8466744-AF8F-450A-98BD-C9DD71B4B9D1}.Release|x64.ActiveCfg = Release|Any CPU
		{B8466744-AF8F-450A-98BD-C9DD71B4B9D1}.Release|x64.Build.0 = Release|Any CPU
		{B8466744-AF8F-450A-98BD-C9DD71B4B9D1}.Release|x86.ActiveCfg = Release|Any CPU
		{B8466744-AF8F-450A-98BD-C9DD71B4B9D1}.Release|x86.Build.0 = Release|Any CPU
		{083EEE24-2FAA-44A7-B27C-4AECB0A5BC60}.Debug|Any CPU.ActiveCfg = Debug|Any CPU
		{083EEE24-2FAA-44A7-B27C-4AECB0A5BC60}.Debug|Any CPU.Build.0 = Debug|Any CPU
		{083EEE24-2FAA-44A7-B27C-4AECB0A5BC60}.Debug|x64.ActiveCfg = Debug|Any CPU
		{083EEE24-2FAA-44A7-B27C-4AECB0A5BC60}.Debug|x64.Build.0 = Debug|Any CPU
		{083EEE24-2FAA-44A7-B27C-4AECB0A5BC60}.Debug|x86.ActiveCfg = Debug|Any CPU
		{083EEE24-2FAA-44A7-B27C-4AECB0A5BC60}.Debug|x86.Build.0 = Debug|Any CPU
		{083EEE24-2FAA-44A7-B27C-4AECB0A5BC60}.Release|Any CPU.ActiveCfg = Release|Any CPU
		{083EEE24-2FAA-44A7-B27C-4AECB0A5BC60}.Release|Any CPU.Build.0 = Release|Any CPU
		{083EEE24-2FAA-44A7-B27C-4AECB0A5BC60}.Release|x64.ActiveCfg = Release|Any CPU
		{083EEE24-2FAA-44A7-B27C-4AECB0A5BC60}.Release|x64.Build.0 = Release|Any CPU
		{083EEE24-2FAA-44A7-B27C-4AECB0A5BC60}.Release|x86.ActiveCfg = Release|Any CPU
		{083EEE24-2FAA-44A7-B27C-4AECB0A5BC60}.Release|x86.Build.0 = Release|Any CPU
	EndGlobalSection
	GlobalSection(SolutionProperties) = preSolution
		HideSolutionNode = FALSE
	EndGlobalSection
EndGlobal
